Microsoft Visual Studio Solution File, Format Version 11.00
# Visual Studio 2008

Project("{C293FDF6-130F-A037-BE18-B4ED06EE9A74}") = "Presidential Race", "Assembly-CSharp-firstpass.csproj", "{E4D6EE65-CB4A-72C4-00D8-78C4073AB3C8}"
EndProject
Project("{C293FDF6-130F-A037-BE18-B4ED06EE9A74}") = "Presidential Race", "Assembly-CSharp.csproj", "{267905CC-5603-83B1-33D8-22F5D96B153E}"
EndProject
Project("{C293FDF6-130F-A037-BE18-B4ED06EE9A74}") = "Presidential Race", "Assembly-CSharp-Editor.csproj", "{E4F4B808-0E7B-9A11-B50A-98BCBF882134}"
EndProject
Project("{C293FDF6-130F-A037-BE18-B4ED06EE9A74}") = "Presidential Race", "Assembly-UnityScript-Editor.unityproj", "{1546CC67-8B3B-A967-A26C-23FE98E8C611}"
EndProject
Global
	GlobalSection(SolutionConfigurationPlatforms) = preSolution
		Debug|Any CPU = Debug|Any CPU
		Release|Any CPU = Release|Any CPU
	EndGlobalSection
	GlobalSection(ProjectConfigurationPlatforms) = postSolution
		{E4D6EE65-CB4A-72C4-00D8-78C4073AB3C8}.Debug|Any CPU.ActiveCfg = Debug|Any CPU
		{E4D6EE65-CB4A-72C4-00D8-78C4073AB3C8}.Debug|Any CPU.Build.0 = Debug|Any CPU
		{E4D6EE65-CB4A-72C4-00D8-78C4073AB3C8}.Release|Any CPU.ActiveCfg = Release|Any CPU
		{E4D6EE65-CB4A-72C4-00D8-78C4073AB3C8}.Release|Any CPU.Build.0 = Release|Any CPU
		{267905CC-5603-83B1-33D8-22F5D96B153E}.Debug|Any CPU.ActiveCfg = Debug|Any CPU
		{267905CC-5603-83B1-33D8-22F5D96B153E}.Debug|Any CPU.Build.0 = Debug|Any CPU
		{267905CC-5603-83B1-33D8-22F5D96B153E}.Release|Any CPU.ActiveCfg = Release|Any CPU
		{267905CC-5603-83B1-33D8-22F5D96B153E}.Release|Any CPU.Build.0 = Release|Any CPU
		{E4F4B808-0E7B-9A11-B50A-98BCBF882134}.Debug|Any CPU.ActiveCfg = Debug|Any CPU
		{E4F4B808-0E7B-9A11-B50A-98BCBF882134}.Debug|Any CPU.Build.0 = Debug|Any CPU
		{E4F4B808-0E7B-9A11-B50A-98BCBF882134}.Release|Any CPU.ActiveCfg = Release|Any CPU
		{E4F4B808-0E7B-9A11-B50A-98BCBF882134}.Release|Any CPU.Build.0 = Release|Any CPU
		{1546CC67-8B3B-A967-A26C-23FE98E8C611}.Debug|Any CPU.ActiveCfg = Debug|Any CPU
		{1546CC67-8B3B-A967-A26C-23FE98E8C611}.Debug|Any CPU.Build.0 = Debug|Any CPU
		{1546CC67-8B3B-A967-A26C-23FE98E8C611}.Release|Any CPU.ActiveCfg = Release|Any CPU
		{1546CC67-8B3B-A967-A26C-23FE98E8C611}.Release|Any CPU.Build.0 = Release|Any CPU
	EndGlobalSection
	GlobalSection(SolutionProperties) = preSolution
		HideSolutionNode = FALSE
	EndGlobalSection
	GlobalSection(MonoDevelopProperties) = preSolution
		StartupItem = Assembly-CSharp.csproj
	EndGlobalSection
EndGlobal
