Microsoft Visual Studio Solution File, Format Version 11.00
# Visual Studio 2008

Project("{D2D2AC26-BED4-602E-65FA-EE4394768197}") = "the-presidential-race", "Assembly-CSharp-firstpass.csproj", "{54740428-17E7-669F-EA36-0C2C9883841D}"
EndProject
Project("{D2D2AC26-BED4-602E-65FA-EE4394768197}") = "the-presidential-race", "Assembly-CSharp.csproj", "{9621C494-35C0-ADF2-4B4C-3BF9C6819AFD}"
EndProject
Project("{D2D2AC26-BED4-602E-65FA-EE4394768197}") = "the-presidential-race", "Assembly-CSharp-Editor.csproj", "{7044D4B9-5555-0445-6535-5F85C59E06B2}"
EndProject
Global
	GlobalSection(SolutionConfigurationPlatforms) = preSolution
		Debug|Any CPU = Debug|Any CPU
		Release|Any CPU = Release|Any CPU
	EndGlobalSection
	GlobalSection(ProjectConfigurationPlatforms) = postSolution
		{54740428-17E7-669F-EA36-0C2C9883841D}.Debug|Any CPU.ActiveCfg = Debug|Any CPU
		{54740428-17E7-669F-EA36-0C2C9883841D}.Debug|Any CPU.Build.0 = Debug|Any CPU
		{54740428-17E7-669F-EA36-0C2C9883841D}.Release|Any CPU.ActiveCfg = Release|Any CPU
		{54740428-17E7-669F-EA36-0C2C9883841D}.Release|Any CPU.Build.0 = Release|Any CPU
		{9621C494-35C0-ADF2-4B4C-3BF9C6819AFD}.Debug|Any CPU.ActiveCfg = Debug|Any CPU
		{9621C494-35C0-ADF2-4B4C-3BF9C6819AFD}.Debug|Any CPU.Build.0 = Debug|Any CPU
		{9621C494-35C0-ADF2-4B4C-3BF9C6819AFD}.Release|Any CPU.ActiveCfg = Release|Any CPU
		{9621C494-35C0-ADF2-4B4C-3BF9C6819AFD}.Release|Any CPU.Build.0 = Release|Any CPU
		{7044D4B9-5555-0445-6535-5F85C59E06B2}.Debug|Any CPU.ActiveCfg = Debug|Any CPU
		{7044D4B9-5555-0445-6535-5F85C59E06B2}.Debug|Any CPU.Build.0 = Debug|Any CPU
		{7044D4B9-5555-0445-6535-5F85C59E06B2}.Release|Any CPU.ActiveCfg = Release|Any CPU
		{7044D4B9-5555-0445-6535-5F85C59E06B2}.Release|Any CPU.Build.0 = Release|Any CPU
	EndGlobalSection
	GlobalSection(SolutionProperties) = preSolution
		HideSolutionNode = FALSE
	EndGlobalSection
	GlobalSection(MonoDevelopProperties) = preSolution
		StartupItem = Assembly-CSharp.csproj
	EndGlobalSection
EndGlobal
